{
  "nodes": {
    "nixpkgs": {
      "locked": {
        "lastModified": 1789286504,
        "narHash": "sha256-eiEK7cKZORNEvX0GeF3RtNEF/JXhgf2RqSp3230q13E=",
        "owner": "NixOS",
        "repo": "nixpkgs",
        "rev": "ef34387ddd751e1ab8857adf4676492d32eb24ec",
        "type": "github"
      },
      "original": {
        "owner": "NixOS",
        "ref": "nixos-unstable",
        "repo": "nixpkgs",
        "type": "github"
      }
    },
    "nixpkgs_2": {
      "locked": {
        "lastModified": 1789149629,
        "narHash": "sha256-H6GwaZzZf+4npqv0tph94w9tZddSjFjmQrVsW0z78uk=",
        "owner": "NixOS",
        "repo": "nixpkgs",
        "rev": "eaad089433ca2bb662274377d33df3d0e51ef28b",
        "type": "github"
      },
      "original": {
        "owner": "NixOS",
        "ref": "nixos-unstable",
        "repo": "nixpkgs",
        "type": "github"
      }
    },
    "root": {
      "inputs": {
        "nixpkgs": "nixpkgs",
        "thumtoo": "thumtoo"
      }
    },
    "thumtoo": {
      "inputs": {
        "nixpkgs": "nixpkgs_2"
      },
      "locked": {
        "lastModified": 1789589165,
        "narHash": "sha256-aqpuDlhPwFXwTnhHuDKTfa8TXZkvYolW1deI4hBs5kk=",
        "owner": "Grumbel",
        "repo": "thumtoo",
        "rev": "6ad33fedb03b51e7b9b6235aff1a2524b17fa75b",
        "type": "github"
      },
      "original": {
        "owner": "Grumbel",
        "repo": "thumtoo",
        "type": "github"
      }
    }
  },
  "root": "root",
  "version": 7
}
